
Microsoft Visual Studio Solution File, Format Version 12.00
# Visual Studio Version 16
VisualStudioVersion = 16.0.29503.13
MinimumVisualStudioVersion = 10.0.40219.1
Project("{9A19103F-16F7-4668-BE54-9A1E7A4F7556}") = "Acesoft.Core", "Acesoft.Core\Acesoft.Core.csproj", "{19D1E198-C609-4358-A645-F42349A07CF4}"
EndProject
Project("{9A19103F-16F7-4668-BE54-9A1E7A4F7556}") = "Acesoft.Util", "Acesoft.Util\Acesoft.Util.csproj", "{E46B14A5-5D46-444B-A5B6-925C65D57D96}"
EndProject
Project("{9A19103F-16F7-4668-BE54-9A1E7A4F7556}") = "Acesoft.Data", "Acesoft.Data\Acesoft.Data.csproj", "{C748F753-9A3D-4B38-9967-B123D3191BF7}"
EndProject
Project("{2150E333-8FDC-42A3-9474-1A3956D46DE8}") = "Service", "Service", "{B1646805-615E-45AD-AC3E-B4E44398C0FA}"
EndProject
Project("{2150E333-8FDC-42A3-9474-1A3956D46DE8}") = "Core", "Core", "{DEB81B93-6D3D-4446-A4CA-AD993C8E1F4B}"
EndProject
Project("{2150E333-8FDC-42A3-9474-1A3956D46DE8}") = "ZTest", "ZTest", "{6D9EF7D9-B5E3-406C-B1AD-AC295A6B30F1}"
EndProject
Project("{2150E333-8FDC-42A3-9474-1A3956D46DE8}") = "Data", "Data", "{E48C31DD-0FE3-4322-BDAA-C71CD13270AE}"
EndProject
Project("{9A19103F-16F7-4668-BE54-9A1E7A4F7556}") = "Acesoft.Data.SqlMapper", "Acesoft.Data.SqlMapper\Acesoft.Data.SqlMapper.csproj", "{FAD1A87B-7B2E-4B96-A7A4-DE64B0E93011}"
EndProject
Project("{2150E333-8FDC-42A3-9474-1A3956D46DE8}") = "Web", "Web", "{BE7D65F7-BABE-4CE6-98AA-3F20D6C4592D}"
EndProject
Project("{9A19103F-16F7-4668-BE54-9A1E7A4F7556}") = "Acesoft.Service", "Acesoft.Service\Acesoft.Service.csproj", "{2A3A38AA-6F79-45EC-83FF-018EB6D0C2AC}"
EndProject
Project("{9A19103F-16F7-4668-BE54-9A1E7A4F7556}") = "Acesoft.Web.Mvc", "Acesoft.Web.Mvc\Acesoft.Web.Mvc.csproj", "{EB5F1B6D-4CA9-4C22-957F-7E3CF2D8DF6D}"
EndProject
Project("{9A19103F-16F7-4668-BE54-9A1E7A4F7556}") = "Acesoft.Web", "Acesoft.Web\Acesoft.Web.csproj", "{AC1F0B17-7196-4342-A365-A300F5237698}"
EndProject
Project("{9A19103F-16F7-4668-BE54-9A1E7A4F7556}") = "Acesoft.Web.HR", "Acesoft.Web.HR\Acesoft.Web.HR.csproj", "{C1872968-8F1E-4047-BB8A-47503B129F2C}"
EndProject
Project("{9A19103F-16F7-4668-BE54-9A1E7A4F7556}") = "Acesoft.Test", "Acesoft.Test\Acesoft.Test.csproj", "{3D149B94-1B21-4691-8F77-8909952E8031}"
EndProject
Project("{9A19103F-16F7-4668-BE54-9A1E7A4F7556}") = "Acesoft.Web.Shop", "Acesoft.Web.Shop\Acesoft.Web.Shop.csproj", "{5A1BAFBC-A6AB-4533-A491-658DA30CDA7A}"
EndProject
Project("{9A19103F-16F7-4668-BE54-9A1E7A4F7556}") = "Acesoft.Data.MySql", "Acesoft.Data.MySql\Acesoft.Data.MySql.csproj", "{D3C0B15D-1A0B-49D1-B076-80D16A224A27}"
EndProject
Project("{9A19103F-16F7-4668-BE54-9A1E7A4F7556}") = "Acesoft.Data.PostgreSql", "Acesoft.Data.PostgreSql\Acesoft.Data.PostgreSql.csproj", "{0A753676-0D6F-4450-AC1D-A1216A0A982C}"
EndProject
Project("{9A19103F-16F7-4668-BE54-9A1E7A4F7556}") = "Acesoft.Data.Sqlite", "Acesoft.Data.Sqlite\Acesoft.Data.Sqlite.csproj", "{1A208826-8E58-4411-BB2D-7491D0E377AC}"
EndProject
Project("{9A19103F-16F7-4668-BE54-9A1E7A4F7556}") = "Acesoft.Data.SqlServer", "Acesoft.Data.SqlServer\Acesoft.Data.SqlServer.csproj", "{C498F0F3-93A5-4AED-A463-A5C7B041F729}"
EndProject
Project("{9A19103F-16F7-4668-BE54-9A1E7A4F7556}") = "Acesoft.Web.Cms", "Acesoft.Web.Cms\Acesoft.Web.Cms.csproj", "{02AE0DE3-E6E3-4572-8F60-971EBEF3C49A}"
EndProject
Project("{9A19103F-16F7-4668-BE54-9A1E7A4F7556}") = "Acesoft.Rbac", "Acesoft.Rbac\Acesoft.Rbac.csproj", "{C626AC93-BC67-408E-B5C3-A457715E9431}"
EndProject
Project("{9A19103F-16F7-4668-BE54-9A1E7A4F7556}") = "Acesoft.Web.IoT", "Acesoft.Web.Iot\Acesoft.Web.IoT.csproj", "{2A518A72-4785-4FF2-8B22-E7FA3A02B0EE}"
EndProject
Project("{9A19103F-16F7-4668-BE54-9A1E7A4F7556}") = "Acesoft.Web.UI", "Acesoft.Web.UI\Acesoft.Web.UI.csproj", "{7E289659-2C52-4F1B-AB21-B6434F4B0798}"
EndProject
Project("{9A19103F-16F7-4668-BE54-9A1E7A4F7556}") = "Acesoft.Web.WeChat", "Acesoft.Web.WeChat\Acesoft.Web.WeChat.csproj", "{534EF239-A1BC-4943-997F-61CB82DDC6E3}"
EndProject
Project("{9A19103F-16F7-4668-BE54-9A1E7A4F7556}") = "Acesoft.Platform", "Acesoft.Platform\Acesoft.Platform.csproj", "{99532755-12F0-405C-88FB-1F187BF08B35}"
EndProject
Project("{9A19103F-16F7-4668-BE54-9A1E7A4F7556}") = "Acesoft.Web.Cloud", "Acesoft.Web.Cloud\Acesoft.Web.Cloud.csproj", "{61D619FD-2FE9-411F-A020-17219E11F2FC}"
EndProject
Project("{FAE04EC0-301F-11D3-BF4B-00C04F79EFBC}") = "Acesoft.IotService", "Acesoft.IotService\Acesoft.IotService.csproj", "{CC7227DA-C934-490E-A049-1CB47535B89B}"
EndProject
Project("{FAE04EC0-301F-11D3-BF4B-00C04F79EFBC}") = "Acesoft.IotNet", "Acesoft.IotNet\Acesoft.IotNet.csproj", "{7EA5C672-8F55-4E00-BD5B-3ECBD40AC2CF}"
EndProject
Project("{2150E333-8FDC-42A3-9474-1A3956D46DE8}") = "Client", "Client", "{8245D319-1ACA-42A7-84CE-3AB3EC2874EE}"
EndProject
Project("{FAE04EC0-301F-11D3-BF4B-00C04F79EFBC}") = "Acesoft.IotClient", "Acesoft.IotClient\Acesoft.IotClient.csproj", "{42B2D568-C110-4C6A-BB6C-1C50682C2DD0}"
EndProject
Project("{9A19103F-16F7-4668-BE54-9A1E7A4F7556}") = "Acesoft.Workflow", "Acesoft.Workflow\Acesoft.Workflow.csproj", "{39DAE205-008C-4684-A944-C27784E759FD}"
EndProject
Project("{9A19103F-16F7-4668-BE54-9A1E7A4F7556}") = "Acesoft.Web.Pay", "Acesoft.Web.Pay\Acesoft.Web.Pay.csproj", "{08F2E161-7AE0-4DF6-859C-687CAC42D446}"
EndProject
Project("{FAE04EC0-301F-11D3-BF4B-00C04F79EFBC}") = "Acesoft.Web.Portal", "Acesoft.Web.Portal\Acesoft.Web.Portal.csproj", "{80370C36-11B7-44B1-A7FF-23C38EFC85F7}"
EndProject
Global
	GlobalSection(SolutionConfigurationPlatforms) = preSolution
		Debug|Any CPU = Debug|Any CPU
		Release|Any CPU = Release|Any CPU
	EndGlobalSection
	GlobalSection(ProjectConfigurationPlatforms) = postSolution
		{19D1E198-C609-4358-A645-F42349A07CF4}.Debug|Any CPU.ActiveCfg = Debug|Any CPU
		{19D1E198-C609-4358-A645-F42349A07CF4}.Debug|Any CPU.Build.0 = Debug|Any CPU
		{19D1E198-C609-4358-A645-F42349A07CF4}.Release|Any CPU.ActiveCfg = Release|Any CPU
		{19D1E198-C609-4358-A645-F42349A07CF4}.Release|Any CPU.Build.0 = Release|Any CPU
		{E46B14A5-5D46-444B-A5B6-925C65D57D96}.Debug|Any CPU.ActiveCfg = Debug|Any CPU
		{E46B14A5-5D46-444B-A5B6-925C65D57D96}.Debug|Any CPU.Build.0 = Debug|Any CPU
		{E46B14A5-5D46-444B-A5B6-925C65D57D96}.Release|Any CPU.ActiveCfg = Release|Any CPU
		{E46B14A5-5D46-444B-A5B6-925C65D57D96}.Release|Any CPU.Build.0 = Release|Any CPU
		{C748F753-9A3D-4B38-9967-B123D3191BF7}.Debug|Any CPU.ActiveCfg = Debug|Any CPU
		{C748F753-9A3D-4B38-9967-B123D3191BF7}.Debug|Any CPU.Build.0 = Debug|Any CPU
		{C748F753-9A3D-4B38-9967-B123D3191BF7}.Release|Any CPU.ActiveCfg = Release|Any CPU
		{C748F753-9A3D-4B38-9967-B123D3191BF7}.Release|Any CPU.Build.0 = Release|Any CPU
		{FAD1A87B-7B2E-4B96-A7A4-DE64B0E93011}.Debug|Any CPU.ActiveCfg = Debug|Any CPU
		{FAD1A87B-7B2E-4B96-A7A4-DE64B0E93011}.Debug|Any CPU.Build.0 = Debug|Any CPU
		{FAD1A87B-7B2E-4B96-A7A4-DE64B0E93011}.Release|Any CPU.ActiveCfg = Release|Any CPU
		{FAD1A87B-7B2E-4B96-A7A4-DE64B0E93011}.Release|Any CPU.Build.0 = Release|Any CPU
		{2A3A38AA-6F79-45EC-83FF-018EB6D0C2AC}.Debug|Any CPU.ActiveCfg = Debug|Any CPU
		{2A3A38AA-6F79-45EC-83FF-018EB6D0C2AC}.Debug|Any CPU.Build.0 = Debug|Any CPU
		{2A3A38AA-6F79-45EC-83FF-018EB6D0C2AC}.Release|Any CPU.ActiveCfg = Release|Any CPU
		{2A3A38AA-6F79-45EC-83FF-018EB6D0C2AC}.Release|Any CPU.Build.0 = Release|Any CPU
		{EB5F1B6D-4CA9-4C22-957F-7E3CF2D8DF6D}.Debug|Any CPU.ActiveCfg = Debug|Any CPU
		{EB5F1B6D-4CA9-4C22-957F-7E3CF2D8DF6D}.Debug|Any CPU.Build.0 = Debug|Any CPU
		{EB5F1B6D-4CA9-4C22-957F-7E3CF2D8DF6D}.Release|Any CPU.ActiveCfg = Release|Any CPU
		{EB5F1B6D-4CA9-4C22-957F-7E3CF2D8DF6D}.Release|Any CPU.Build.0 = Release|Any CPU
		{AC1F0B17-7196-4342-A365-A300F5237698}.Debug|Any CPU.ActiveCfg = Debug|Any CPU
		{AC1F0B17-7196-4342-A365-A300F5237698}.Debug|Any CPU.Build.0 = Debug|Any CPU
		{AC1F0B17-7196-4342-A365-A300F5237698}.Release|Any CPU.ActiveCfg = Release|Any CPU
		{AC1F0B17-7196-4342-A365-A300F5237698}.Release|Any CPU.Build.0 = Release|Any CPU
		{C1872968-8F1E-4047-BB8A-47503B129F2C}.Debug|Any CPU.ActiveCfg = Debug|Any CPU
		{C1872968-8F1E-4047-BB8A-47503B129F2C}.Debug|Any CPU.Build.0 = Debug|Any CPU
		{C1872968-8F1E-4047-BB8A-47503B129F2C}.Release|Any CPU.ActiveCfg = Release|Any CPU
		{C1872968-8F1E-4047-BB8A-47503B129F2C}.Release|Any CPU.Build.0 = Release|Any CPU
		{3D149B94-1B21-4691-8F77-8909952E8031}.Debug|Any CPU.ActiveCfg = Debug|Any CPU
		{3D149B94-1B21-4691-8F77-8909952E8031}.Debug|Any CPU.Build.0 = Debug|Any CPU
		{3D149B94-1B21-4691-8F77-8909952E8031}.Release|Any CPU.ActiveCfg = Release|Any CPU
		{3D149B94-1B21-4691-8F77-8909952E8031}.Release|Any CPU.Build.0 = Release|Any CPU
		{5A1BAFBC-A6AB-4533-A491-658DA30CDA7A}.Debug|Any CPU.ActiveCfg = Debug|Any CPU
		{5A1BAFBC-A6AB-4533-A491-658DA30CDA7A}.Debug|Any CPU.Build.0 = Debug|Any CPU
		{5A1BAFBC-A6AB-4533-A491-658DA30CDA7A}.Release|Any CPU.ActiveCfg = Release|Any CPU
		{5A1BAFBC-A6AB-4533-A491-658DA30CDA7A}.Release|Any CPU.Build.0 = Release|Any CPU
		{D3C0B15D-1A0B-49D1-B076-80D16A224A27}.Debug|Any CPU.ActiveCfg = Debug|Any CPU
		{D3C0B15D-1A0B-49D1-B076-80D16A224A27}.Debug|Any CPU.Build.0 = Debug|Any CPU
		{D3C0B15D-1A0B-49D1-B076-80D16A224A27}.Release|Any CPU.ActiveCfg = Release|Any CPU
		{D3C0B15D-1A0B-49D1-B076-80D16A224A27}.Release|Any CPU.Build.0 = Release|Any CPU
		{0A753676-0D6F-4450-AC1D-A1216A0A982C}.Debug|Any CPU.ActiveCfg = Debug|Any CPU
		{0A753676-0D6F-4450-AC1D-A1216A0A982C}.Debug|Any CPU.Build.0 = Debug|Any CPU
		{0A753676-0D6F-4450-AC1D-A1216A0A982C}.Release|Any CPU.ActiveCfg = Release|Any CPU
		{0A753676-0D6F-4450-AC1D-A1216A0A982C}.Release|Any CPU.Build.0 = Release|Any CPU
		{1A208826-8E58-4411-BB2D-7491D0E377AC}.Debug|Any CPU.ActiveCfg = Debug|Any CPU
		{1A208826-8E58-4411-BB2D-7491D0E377AC}.Debug|Any CPU.Build.0 = Debug|Any CPU
		{1A208826-8E58-4411-BB2D-7491D0E377AC}.Release|Any CPU.ActiveCfg = Release|Any CPU
		{1A208826-8E58-4411-BB2D-7491D0E377AC}.Release|Any CPU.Build.0 = Release|Any CPU
		{C498F0F3-93A5-4AED-A463-A5C7B041F729}.Debug|Any CPU.ActiveCfg = Debug|Any CPU
		{C498F0F3-93A5-4AED-A463-A5C7B041F729}.Debug|Any CPU.Build.0 = Debug|Any CPU
		{C498F0F3-93A5-4AED-A463-A5C7B041F729}.Release|Any CPU.ActiveCfg = Release|Any CPU
		{C498F0F3-93A5-4AED-A463-A5C7B041F729}.Release|Any CPU.Build.0 = Release|Any CPU
		{02AE0DE3-E6E3-4572-8F60-971EBEF3C49A}.Debug|Any CPU.ActiveCfg = Debug|Any CPU
		{02AE0DE3-E6E3-4572-8F60-971EBEF3C49A}.Debug|Any CPU.Build.0 = Debug|Any CPU
		{02AE0DE3-E6E3-4572-8F60-971EBEF3C49A}.Release|Any CPU.ActiveCfg = Release|Any CPU
		{02AE0DE3-E6E3-4572-8F60-971EBEF3C49A}.Release|Any CPU.Build.0 = Release|Any CPU
		{C626AC93-BC67-408E-B5C3-A457715E9431}.Debug|Any CPU.ActiveCfg = Debug|Any CPU
		{C626AC93-BC67-408E-B5C3-A457715E9431}.Debug|Any CPU.Build.0 = Debug|Any CPU
		{C626AC93-BC67-408E-B5C3-A457715E9431}.Release|Any CPU.ActiveCfg = Release|Any CPU
		{C626AC93-BC67-408E-B5C3-A457715E9431}.Release|Any CPU.Build.0 = Release|Any CPU
		{2A518A72-4785-4FF2-8B22-E7FA3A02B0EE}.Debug|Any CPU.ActiveCfg = Debug|Any CPU
		{2A518A72-4785-4FF2-8B22-E7FA3A02B0EE}.Debug|Any CPU.Build.0 = Debug|Any CPU
		{2A518A72-4785-4FF2-8B22-E7FA3A02B0EE}.Release|Any CPU.ActiveCfg = Release|Any CPU
		{2A518A72-4785-4FF2-8B22-E7FA3A02B0EE}.Release|Any CPU.Build.0 = Release|Any CPU
		{7E289659-2C52-4F1B-AB21-B6434F4B0798}.Debug|Any CPU.ActiveCfg = Debug|Any CPU
		{7E289659-2C52-4F1B-AB21-B6434F4B0798}.Debug|Any CPU.Build.0 = Debug|Any CPU
		{7E289659-2C52-4F1B-AB21-B6434F4B0798}.Release|Any CPU.ActiveCfg = Release|Any CPU
		{7E289659-2C52-4F1B-AB21-B6434F4B0798}.Release|Any CPU.Build.0 = Release|Any CPU
		{534EF239-A1BC-4943-997F-61CB82DDC6E3}.Debug|Any CPU.ActiveCfg = Debug|Any CPU
		{534EF239-A1BC-4943-997F-61CB82DDC6E3}.Debug|Any CPU.Build.0 = Debug|Any CPU
		{534EF239-A1BC-4943-997F-61CB82DDC6E3}.Release|Any CPU.ActiveCfg = Release|Any CPU
		{534EF239-A1BC-4943-997F-61CB82DDC6E3}.Release|Any CPU.Build.0 = Release|Any CPU
		{99532755-12F0-405C-88FB-1F187BF08B35}.Debug|Any CPU.ActiveCfg = Debug|Any CPU
		{99532755-12F0-405C-88FB-1F187BF08B35}.Debug|Any CPU.Build.0 = Debug|Any CPU
		{99532755-12F0-405C-88FB-1F187BF08B35}.Release|Any CPU.ActiveCfg = Release|Any CPU
		{99532755-12F0-405C-88FB-1F187BF08B35}.Release|Any CPU.Build.0 = Release|Any CPU
		{61D619FD-2FE9-411F-A020-17219E11F2FC}.Debug|Any CPU.ActiveCfg = Debug|Any CPU
		{61D619FD-2FE9-411F-A020-17219E11F2FC}.Debug|Any CPU.Build.0 = Debug|Any CPU
		{61D619FD-2FE9-411F-A020-17219E11F2FC}.Release|Any CPU.ActiveCfg = Release|Any CPU
		{61D619FD-2FE9-411F-A020-17219E11F2FC}.Release|Any CPU.Build.0 = Release|Any CPU
		{CC7227DA-C934-490E-A049-1CB47535B89B}.Debug|Any CPU.ActiveCfg = Debug|Any CPU
		{CC7227DA-C934-490E-A049-1CB47535B89B}.Debug|Any CPU.Build.0 = Debug|Any CPU
		{CC7227DA-C934-490E-A049-1CB47535B89B}.Release|Any CPU.ActiveCfg = Release|Any CPU
		{CC7227DA-C934-490E-A049-1CB47535B89B}.Release|Any CPU.Build.0 = Release|Any CPU
		{7EA5C672-8F55-4E00-BD5B-3ECBD40AC2CF}.Debug|Any CPU.ActiveCfg = Debug|Any CPU
		{7EA5C672-8F55-4E00-BD5B-3ECBD40AC2CF}.Debug|Any CPU.Build.0 = Debug|Any CPU
		{7EA5C672-8F55-4E00-BD5B-3ECBD40AC2CF}.Release|Any CPU.ActiveCfg = Release|Any CPU
		{7EA5C672-8F55-4E00-BD5B-3ECBD40AC2CF}.Release|Any CPU.Build.0 = Release|Any CPU
		{42B2D568-C110-4C6A-BB6C-1C50682C2DD0}.Debug|Any CPU.ActiveCfg = Debug|Any CPU
		{42B2D568-C110-4C6A-BB6C-1C50682C2DD0}.Debug|Any CPU.Build.0 = Debug|Any CPU
		{42B2D568-C110-4C6A-BB6C-1C50682C2DD0}.Release|Any CPU.ActiveCfg = Release|Any CPU
		{42B2D568-C110-4C6A-BB6C-1C50682C2DD0}.Release|Any CPU.Build.0 = Release|Any CPU
		{39DAE205-008C-4684-A944-C27784E759FD}.Debug|Any CPU.ActiveCfg = Debug|Any CPU
		{39DAE205-008C-4684-A944-C27784E759FD}.Debug|Any CPU.Build.0 = Debug|Any CPU
		{39DAE205-008C-4684-A944-C27784E759FD}.Release|Any CPU.ActiveCfg = Release|Any CPU
		{39DAE205-008C-4684-A944-C27784E759FD}.Release|Any CPU.Build.0 = Release|Any CPU
		{08F2E161-7AE0-4DF6-859C-687CAC42D446}.Debug|Any CPU.ActiveCfg = Debug|Any CPU
		{08F2E161-7AE0-4DF6-859C-687CAC42D446}.Debug|Any CPU.Build.0 = Debug|Any CPU
		{08F2E161-7AE0-4DF6-859C-687CAC42D446}.Release|Any CPU.ActiveCfg = Release|Any CPU
		{08F2E161-7AE0-4DF6-859C-687CAC42D446}.Release|Any CPU.Build.0 = Release|Any CPU
		{80370C36-11B7-44B1-A7FF-23C38EFC85F7}.Debug|Any CPU.ActiveCfg = Debug|Any CPU
		{80370C36-11B7-44B1-A7FF-23C38EFC85F7}.Debug|Any CPU.Build.0 = Debug|Any CPU
		{80370C36-11B7-44B1-A7FF-23C38EFC85F7}.Release|Any CPU.ActiveCfg = Release|Any CPU
		{80370C36-11B7-44B1-A7FF-23C38EFC85F7}.Release|Any CPU.Build.0 = Release|Any CPU
	EndGlobalSection
	GlobalSection(SolutionProperties) = preSolution
		HideSolutionNode = FALSE
	EndGlobalSection
	GlobalSection(NestedProjects) = preSolution
		{19D1E198-C609-4358-A645-F42349A07CF4} = {DEB81B93-6D3D-4446-A4CA-AD993C8E1F4B}
		{E46B14A5-5D46-444B-A5B6-925C65D57D96} = {DEB81B93-6D3D-4446-A4CA-AD993C8E1F4B}
		{C748F753-9A3D-4B38-9967-B123D3191BF7} = {E48C31DD-0FE3-4322-BDAA-C71CD13270AE}
		{FAD1A87B-7B2E-4B96-A7A4-DE64B0E93011} = {E48C31DD-0FE3-4322-BDAA-C71CD13270AE}
		{2A3A38AA-6F79-45EC-83FF-018EB6D0C2AC} = {B1646805-615E-45AD-AC3E-B4E44398C0FA}
		{EB5F1B6D-4CA9-4C22-957F-7E3CF2D8DF6D} = {BE7D65F7-BABE-4CE6-98AA-3F20D6C4592D}
		{AC1F0B17-7196-4342-A365-A300F5237698} = {BE7D65F7-BABE-4CE6-98AA-3F20D6C4592D}
		{C1872968-8F1E-4047-BB8A-47503B129F2C} = {BE7D65F7-BABE-4CE6-98AA-3F20D6C4592D}
		{3D149B94-1B21-4691-8F77-8909952E8031} = {6D9EF7D9-B5E3-406C-B1AD-AC295A6B30F1}
		{5A1BAFBC-A6AB-4533-A491-658DA30CDA7A} = {BE7D65F7-BABE-4CE6-98AA-3F20D6C4592D}
		{D3C0B15D-1A0B-49D1-B076-80D16A224A27} = {E48C31DD-0FE3-4322-BDAA-C71CD13270AE}
		{0A753676-0D6F-4450-AC1D-A1216A0A982C} = {E48C31DD-0FE3-4322-BDAA-C71CD13270AE}
		{1A208826-8E58-4411-BB2D-7491D0E377AC} = {E48C31DD-0FE3-4322-BDAA-C71CD13270AE}
		{C498F0F3-93A5-4AED-A463-A5C7B041F729} = {E48C31DD-0FE3-4322-BDAA-C71CD13270AE}
		{02AE0DE3-E6E3-4572-8F60-971EBEF3C49A} = {BE7D65F7-BABE-4CE6-98AA-3F20D6C4592D}
		{C626AC93-BC67-408E-B5C3-A457715E9431} = {DEB81B93-6D3D-4446-A4CA-AD993C8E1F4B}
		{2A518A72-4785-4FF2-8B22-E7FA3A02B0EE} = {BE7D65F7-BABE-4CE6-98AA-3F20D6C4592D}
		{7E289659-2C52-4F1B-AB21-B6434F4B0798} = {BE7D65F7-BABE-4CE6-98AA-3F20D6C4592D}
		{534EF239-A1BC-4943-997F-61CB82DDC6E3} = {BE7D65F7-BABE-4CE6-98AA-3F20D6C4592D}
		{99532755-12F0-405C-88FB-1F187BF08B35} = {DEB81B93-6D3D-4446-A4CA-AD993C8E1F4B}
		{61D619FD-2FE9-411F-A020-17219E11F2FC} = {BE7D65F7-BABE-4CE6-98AA-3F20D6C4592D}
		{CC7227DA-C934-490E-A049-1CB47535B89B} = {B1646805-615E-45AD-AC3E-B4E44398C0FA}
		{7EA5C672-8F55-4E00-BD5B-3ECBD40AC2CF} = {B1646805-615E-45AD-AC3E-B4E44398C0FA}
		{42B2D568-C110-4C6A-BB6C-1C50682C2DD0} = {8245D319-1ACA-42A7-84CE-3AB3EC2874EE}
		{39DAE205-008C-4684-A944-C27784E759FD} = {DEB81B93-6D3D-4446-A4CA-AD993C8E1F4B}
		{08F2E161-7AE0-4DF6-859C-687CAC42D446} = {BE7D65F7-BABE-4CE6-98AA-3F20D6C4592D}
		{80370C36-11B7-44B1-A7FF-23C38EFC85F7} = {BE7D65F7-BABE-4CE6-98AA-3F20D6C4592D}
	EndGlobalSection
	GlobalSection(ExtensibilityGlobals) = postSolution
		SolutionGuid = {15C56BF2-C468-45C5-B13D-00FA80AD2CD4}
	EndGlobalSection
EndGlobal
