
Microsoft Visual Studio Solution File, Format Version 12.00
# Visual Studio 15
VisualStudioVersion = 15.0.28307.106
MinimumVisualStudioVersion = 10.0.40219.1
Project("{9A19103F-16F7-4668-BE54-9A1E7A4F7556}") = "Acesoft.Core", "Acesoft.Core\Acesoft.Core.csproj", "{19D1E198-C609-4358-A645-F42349A07CF4}"
EndProject
Project("{9A19103F-16F7-4668-BE54-9A1E7A4F7556}") = "Acesoft.Util", "Acesoft.Util\Acesoft.Util.csproj", "{E46B14A5-5D46-444B-A5B6-925C65D57D96}"
EndProject
Project("{9A19103F-16F7-4668-BE54-9A1E7A4F7556}") = "Acesoft.Data", "Acesoft.Data\Acesoft.Data.csproj", "{C748F753-9A3D-4B38-9967-B123D3191BF7}"
EndProject
Project("{2150E333-8FDC-42A3-9474-1A3956D46DE8}") = "Service", "Service", "{B1646805-615E-45AD-AC3E-B4E44398C0FA}"
EndProject
Project("{2150E333-8FDC-42A3-9474-1A3956D46DE8}") = "Core", "Core", "{DEB81B93-6D3D-4446-A4CA-AD993C8E1F4B}"
EndProject
Project("{2150E333-8FDC-42A3-9474-1A3956D46DE8}") = "Test", "Test", "{6D9EF7D9-B5E3-406C-B1AD-AC295A6B30F1}"
EndProject
Project("{2150E333-8FDC-42A3-9474-1A3956D46DE8}") = "Data", "Data", "{E48C31DD-0FE3-4322-BDAA-C71CD13270AE}"
EndProject
Project("{9A19103F-16F7-4668-BE54-9A1E7A4F7556}") = "Acesoft.Data.SqlMapper", "Acesoft.Data.SqlMapper\Acesoft.Data.SqlMapper.csproj", "{FAD1A87B-7B2E-4B96-A7A4-DE64B0E93011}"
EndProject
Project("{9A19103F-16F7-4668-BE54-9A1E7A4F7556}") = "Acesoft.Cache", "Acesoft.Cache\Acesoft.Cache.csproj", "{4F8C1CF5-5DDB-43B1-8220-859010521024}"
EndProject
Project("{9A19103F-16F7-4668-BE54-9A1E7A4F7556}") = "Acesoft.Security", "Acesoft.Security\Acesoft.Security.csproj", "{B0B62CD5-7481-404C-8339-66563BC58F2D}"
EndProject
Project("{9A19103F-16F7-4668-BE54-9A1E7A4F7556}") = "Acesoft.Config", "Acesoft.Config\Acesoft.Config.csproj", "{A914208F-FFE7-4652-911C-CA01822AE01B}"
EndProject
Project("{9A19103F-16F7-4668-BE54-9A1E7A4F7556}") = "Acesoft.Logger", "Acesoft.Logger\Acesoft.Logger.csproj", "{4F621368-D410-4A44-BB1D-4C665C87F4F8}"
EndProject
Project("{9A19103F-16F7-4668-BE54-9A1E7A4F7556}") = "Acesoft.Console.Test", "Acesoft.ConsoleTest\Acesoft.Console.Test.csproj", "{35464A7C-7271-4908-8247-865940875113}"
EndProject
Project("{2150E333-8FDC-42A3-9474-1A3956D46DE8}") = "AspNetCore", "AspNetCore", "{BE7D65F7-BABE-4CE6-98AA-3F20D6C4592D}"
EndProject
Project("{9A19103F-16F7-4668-BE54-9A1E7A4F7556}") = "Acesoft.App.Service", "Acesoft.Service\Acesoft.App.Service.csproj", "{2A3A38AA-6F79-45EC-83FF-018EB6D0C2AC}"
EndProject
Project("{9A19103F-16F7-4668-BE54-9A1E7A4F7556}") = "Acesoft.Web.Mvc", "Acesoft.Web.Mvc\Acesoft.Web.Mvc.csproj", "{EB5F1B6D-4CA9-4C22-957F-7E3CF2D8DF6D}"
EndProject
Project("{9A19103F-16F7-4668-BE54-9A1E7A4F7556}") = "Acesoft.Web", "Acesoft.Web\Acesoft.Web.csproj", "{AC1F0B17-7196-4342-A365-A300F5237698}"
EndProject
Project("{9A19103F-16F7-4668-BE54-9A1E7A4F7556}") = "Acesoft.App", "Acesoft.App\Acesoft.App.csproj", "{FF358F83-AFE2-441A-A2D0-9C9BD07ACE60}"
EndProject
Project("{2150E333-8FDC-42A3-9474-1A3956D46DE8}") = "Util", "Util", "{82D75D8D-3121-4C6A-91D9-27821EEB1883}"
EndProject
Project("{9A19103F-16F7-4668-BE54-9A1E7A4F7556}") = "Acesoft.Web.HR", "Acesoft.Web.HR\Acesoft.Web.HR.csproj", "{C1872968-8F1E-4047-BB8A-47503B129F2C}"
EndProject
Project("{9A19103F-16F7-4668-BE54-9A1E7A4F7556}") = "Acesoft.Data.Model", "Acesoft.Data.Model\Acesoft.Data.Model.csproj", "{4C6B4F5E-8D30-4157-8760-E0050D823E64}"
EndProject
Project("{9A19103F-16F7-4668-BE54-9A1E7A4F7556}") = "Acesoft.Test", "Acesoft.Test\Acesoft.Test.csproj", "{3D149B94-1B21-4691-8F77-8909952E8031}"
EndProject
Project("{9A19103F-16F7-4668-BE54-9A1E7A4F7556}") = "Acesoft.Web.Shop", "Acesoft.Web.Shop\Acesoft.Web.Shop.csproj", "{5A1BAFBC-A6AB-4533-A491-658DA30CDA7A}"
EndProject
Project("{FAE04EC0-301F-11D3-BF4B-00C04F79EFBC}") = "Acesoft.Data.MySql", "Acesoft.Data.MySql\Acesoft.Data.MySql.csproj", "{D3C0B15D-1A0B-49D1-B076-80D16A224A27}"
EndProject
Project("{FAE04EC0-301F-11D3-BF4B-00C04F79EFBC}") = "Acesoft.Data.PostgreSql", "Acesoft.Data.PostgreSql\Acesoft.Data.PostgreSql.csproj", "{0A753676-0D6F-4450-AC1D-A1216A0A982C}"
EndProject
Project("{FAE04EC0-301F-11D3-BF4B-00C04F79EFBC}") = "Acesoft.Data.Sqlite", "Acesoft.Data.Sqlite\Acesoft.Data.Sqlite.csproj", "{1A208826-8E58-4411-BB2D-7491D0E377AC}"
EndProject
Project("{FAE04EC0-301F-11D3-BF4B-00C04F79EFBC}") = "Acesoft.Data.SqlServer", "Acesoft.Data.SqlServer\Acesoft.Data.SqlServer.csproj", "{C498F0F3-93A5-4AED-A463-A5C7B041F729}"
EndProject
Global
	GlobalSection(SolutionConfigurationPlatforms) = preSolution
		Debug|Any CPU = Debug|Any CPU
		Release|Any CPU = Release|Any CPU
	EndGlobalSection
	GlobalSection(ProjectConfigurationPlatforms) = postSolution
		{19D1E198-C609-4358-A645-F42349A07CF4}.Debug|Any CPU.ActiveCfg = Debug|Any CPU
		{19D1E198-C609-4358-A645-F42349A07CF4}.Debug|Any CPU.Build.0 = Debug|Any CPU
		{19D1E198-C609-4358-A645-F42349A07CF4}.Release|Any CPU.ActiveCfg = Release|Any CPU
		{19D1E198-C609-4358-A645-F42349A07CF4}.Release|Any CPU.Build.0 = Release|Any CPU
		{E46B14A5-5D46-444B-A5B6-925C65D57D96}.Debug|Any CPU.ActiveCfg = Debug|Any CPU
		{E46B14A5-5D46-444B-A5B6-925C65D57D96}.Debug|Any CPU.Build.0 = Debug|Any CPU
		{E46B14A5-5D46-444B-A5B6-925C65D57D96}.Release|Any CPU.ActiveCfg = Release|Any CPU
		{E46B14A5-5D46-444B-A5B6-925C65D57D96}.Release|Any CPU.Build.0 = Release|Any CPU
		{C748F753-9A3D-4B38-9967-B123D3191BF7}.Debug|Any CPU.ActiveCfg = Debug|Any CPU
		{C748F753-9A3D-4B38-9967-B123D3191BF7}.Debug|Any CPU.Build.0 = Debug|Any CPU
		{C748F753-9A3D-4B38-9967-B123D3191BF7}.Release|Any CPU.ActiveCfg = Release|Any CPU
		{C748F753-9A3D-4B38-9967-B123D3191BF7}.Release|Any CPU.Build.0 = Release|Any CPU
		{FAD1A87B-7B2E-4B96-A7A4-DE64B0E93011}.Debug|Any CPU.ActiveCfg = Debug|Any CPU
		{FAD1A87B-7B2E-4B96-A7A4-DE64B0E93011}.Debug|Any CPU.Build.0 = Debug|Any CPU
		{FAD1A87B-7B2E-4B96-A7A4-DE64B0E93011}.Release|Any CPU.ActiveCfg = Release|Any CPU
		{FAD1A87B-7B2E-4B96-A7A4-DE64B0E93011}.Release|Any CPU.Build.0 = Release|Any CPU
		{4F8C1CF5-5DDB-43B1-8220-859010521024}.Debug|Any CPU.ActiveCfg = Debug|Any CPU
		{4F8C1CF5-5DDB-43B1-8220-859010521024}.Debug|Any CPU.Build.0 = Debug|Any CPU
		{4F8C1CF5-5DDB-43B1-8220-859010521024}.Release|Any CPU.ActiveCfg = Release|Any CPU
		{4F8C1CF5-5DDB-43B1-8220-859010521024}.Release|Any CPU.Build.0 = Release|Any CPU
		{B0B62CD5-7481-404C-8339-66563BC58F2D}.Debug|Any CPU.ActiveCfg = Debug|Any CPU
		{B0B62CD5-7481-404C-8339-66563BC58F2D}.Debug|Any CPU.Build.0 = Debug|Any CPU
		{B0B62CD5-7481-404C-8339-66563BC58F2D}.Release|Any CPU.ActiveCfg = Release|Any CPU
		{B0B62CD5-7481-404C-8339-66563BC58F2D}.Release|Any CPU.Build.0 = Release|Any CPU
		{A914208F-FFE7-4652-911C-CA01822AE01B}.Debug|Any CPU.ActiveCfg = Debug|Any CPU
		{A914208F-FFE7-4652-911C-CA01822AE01B}.Debug|Any CPU.Build.0 = Debug|Any CPU
		{A914208F-FFE7-4652-911C-CA01822AE01B}.Release|Any CPU.ActiveCfg = Release|Any CPU
		{A914208F-FFE7-4652-911C-CA01822AE01B}.Release|Any CPU.Build.0 = Release|Any CPU
		{4F621368-D410-4A44-BB1D-4C665C87F4F8}.Debug|Any CPU.ActiveCfg = Debug|Any CPU
		{4F621368-D410-4A44-BB1D-4C665C87F4F8}.Debug|Any CPU.Build.0 = Debug|Any CPU
		{4F621368-D410-4A44-BB1D-4C665C87F4F8}.Release|Any CPU.ActiveCfg = Release|Any CPU
		{4F621368-D410-4A44-BB1D-4C665C87F4F8}.Release|Any CPU.Build.0 = Release|Any CPU
		{35464A7C-7271-4908-8247-865940875113}.Debug|Any CPU.ActiveCfg = Debug|Any CPU
		{35464A7C-7271-4908-8247-865940875113}.Debug|Any CPU.Build.0 = Debug|Any CPU
		{35464A7C-7271-4908-8247-865940875113}.Release|Any CPU.ActiveCfg = Release|Any CPU
		{35464A7C-7271-4908-8247-865940875113}.Release|Any CPU.Build.0 = Release|Any CPU
		{2A3A38AA-6F79-45EC-83FF-018EB6D0C2AC}.Debug|Any CPU.ActiveCfg = Debug|Any CPU
		{2A3A38AA-6F79-45EC-83FF-018EB6D0C2AC}.Debug|Any CPU.Build.0 = Debug|Any CPU
		{2A3A38AA-6F79-45EC-83FF-018EB6D0C2AC}.Release|Any CPU.ActiveCfg = Release|Any CPU
		{2A3A38AA-6F79-45EC-83FF-018EB6D0C2AC}.Release|Any CPU.Build.0 = Release|Any CPU
		{EB5F1B6D-4CA9-4C22-957F-7E3CF2D8DF6D}.Debug|Any CPU.ActiveCfg = Debug|Any CPU
		{EB5F1B6D-4CA9-4C22-957F-7E3CF2D8DF6D}.Debug|Any CPU.Build.0 = Debug|Any CPU
		{EB5F1B6D-4CA9-4C22-957F-7E3CF2D8DF6D}.Release|Any CPU.ActiveCfg = Release|Any CPU
		{EB5F1B6D-4CA9-4C22-957F-7E3CF2D8DF6D}.Release|Any CPU.Build.0 = Release|Any CPU
		{AC1F0B17-7196-4342-A365-A300F5237698}.Debug|Any CPU.ActiveCfg = Debug|Any CPU
		{AC1F0B17-7196-4342-A365-A300F5237698}.Debug|Any CPU.Build.0 = Debug|Any CPU
		{AC1F0B17-7196-4342-A365-A300F5237698}.Release|Any CPU.ActiveCfg = Release|Any CPU
		{AC1F0B17-7196-4342-A365-A300F5237698}.Release|Any CPU.Build.0 = Release|Any CPU
		{FF358F83-AFE2-441A-A2D0-9C9BD07ACE60}.Debug|Any CPU.ActiveCfg = Debug|Any CPU
		{FF358F83-AFE2-441A-A2D0-9C9BD07ACE60}.Debug|Any CPU.Build.0 = Debug|Any CPU
		{FF358F83-AFE2-441A-A2D0-9C9BD07ACE60}.Release|Any CPU.ActiveCfg = Release|Any CPU
		{FF358F83-AFE2-441A-A2D0-9C9BD07ACE60}.Release|Any CPU.Build.0 = Release|Any CPU
		{C1872968-8F1E-4047-BB8A-47503B129F2C}.Debug|Any CPU.ActiveCfg = Debug|Any CPU
		{C1872968-8F1E-4047-BB8A-47503B129F2C}.Debug|Any CPU.Build.0 = Debug|Any CPU
		{C1872968-8F1E-4047-BB8A-47503B129F2C}.Release|Any CPU.ActiveCfg = Release|Any CPU
		{C1872968-8F1E-4047-BB8A-47503B129F2C}.Release|Any CPU.Build.0 = Release|Any CPU
		{4C6B4F5E-8D30-4157-8760-E0050D823E64}.Debug|Any CPU.ActiveCfg = Debug|Any CPU
		{4C6B4F5E-8D30-4157-8760-E0050D823E64}.Debug|Any CPU.Build.0 = Debug|Any CPU
		{4C6B4F5E-8D30-4157-8760-E0050D823E64}.Release|Any CPU.ActiveCfg = Release|Any CPU
		{4C6B4F5E-8D30-4157-8760-E0050D823E64}.Release|Any CPU.Build.0 = Release|Any CPU
		{3D149B94-1B21-4691-8F77-8909952E8031}.Debug|Any CPU.ActiveCfg = Debug|Any CPU
		{3D149B94-1B21-4691-8F77-8909952E8031}.Debug|Any CPU.Build.0 = Debug|Any CPU
		{3D149B94-1B21-4691-8F77-8909952E8031}.Release|Any CPU.ActiveCfg = Release|Any CPU
		{3D149B94-1B21-4691-8F77-8909952E8031}.Release|Any CPU.Build.0 = Release|Any CPU
		{5A1BAFBC-A6AB-4533-A491-658DA30CDA7A}.Debug|Any CPU.ActiveCfg = Debug|Any CPU
		{5A1BAFBC-A6AB-4533-A491-658DA30CDA7A}.Debug|Any CPU.Build.0 = Debug|Any CPU
		{5A1BAFBC-A6AB-4533-A491-658DA30CDA7A}.Release|Any CPU.ActiveCfg = Release|Any CPU
		{5A1BAFBC-A6AB-4533-A491-658DA30CDA7A}.Release|Any CPU.Build.0 = Release|Any CPU
		{D3C0B15D-1A0B-49D1-B076-80D16A224A27}.Debug|Any CPU.ActiveCfg = Debug|Any CPU
		{D3C0B15D-1A0B-49D1-B076-80D16A224A27}.Debug|Any CPU.Build.0 = Debug|Any CPU
		{D3C0B15D-1A0B-49D1-B076-80D16A224A27}.Release|Any CPU.ActiveCfg = Release|Any CPU
		{D3C0B15D-1A0B-49D1-B076-80D16A224A27}.Release|Any CPU.Build.0 = Release|Any CPU
		{0A753676-0D6F-4450-AC1D-A1216A0A982C}.Debug|Any CPU.ActiveCfg = Debug|Any CPU
		{0A753676-0D6F-4450-AC1D-A1216A0A982C}.Debug|Any CPU.Build.0 = Debug|Any CPU
		{0A753676-0D6F-4450-AC1D-A1216A0A982C}.Release|Any CPU.ActiveCfg = Release|Any CPU
		{0A753676-0D6F-4450-AC1D-A1216A0A982C}.Release|Any CPU.Build.0 = Release|Any CPU
		{1A208826-8E58-4411-BB2D-7491D0E377AC}.Debug|Any CPU.ActiveCfg = Debug|Any CPU
		{1A208826-8E58-4411-BB2D-7491D0E377AC}.Debug|Any CPU.Build.0 = Debug|Any CPU
		{1A208826-8E58-4411-BB2D-7491D0E377AC}.Release|Any CPU.ActiveCfg = Release|Any CPU
		{1A208826-8E58-4411-BB2D-7491D0E377AC}.Release|Any CPU.Build.0 = Release|Any CPU
		{C498F0F3-93A5-4AED-A463-A5C7B041F729}.Debug|Any CPU.ActiveCfg = Debug|Any CPU
		{C498F0F3-93A5-4AED-A463-A5C7B041F729}.Debug|Any CPU.Build.0 = Debug|Any CPU
		{C498F0F3-93A5-4AED-A463-A5C7B041F729}.Release|Any CPU.ActiveCfg = Release|Any CPU
		{C498F0F3-93A5-4AED-A463-A5C7B041F729}.Release|Any CPU.Build.0 = Release|Any CPU
	EndGlobalSection
	GlobalSection(SolutionProperties) = preSolution
		HideSolutionNode = FALSE
	EndGlobalSection
	GlobalSection(NestedProjects) = preSolution
		{19D1E198-C609-4358-A645-F42349A07CF4} = {DEB81B93-6D3D-4446-A4CA-AD993C8E1F4B}
		{E46B14A5-5D46-444B-A5B6-925C65D57D96} = {82D75D8D-3121-4C6A-91D9-27821EEB1883}
		{C748F753-9A3D-4B38-9967-B123D3191BF7} = {E48C31DD-0FE3-4322-BDAA-C71CD13270AE}
		{FAD1A87B-7B2E-4B96-A7A4-DE64B0E93011} = {E48C31DD-0FE3-4322-BDAA-C71CD13270AE}
		{4F8C1CF5-5DDB-43B1-8220-859010521024} = {DEB81B93-6D3D-4446-A4CA-AD993C8E1F4B}
		{B0B62CD5-7481-404C-8339-66563BC58F2D} = {82D75D8D-3121-4C6A-91D9-27821EEB1883}
		{A914208F-FFE7-4652-911C-CA01822AE01B} = {DEB81B93-6D3D-4446-A4CA-AD993C8E1F4B}
		{4F621368-D410-4A44-BB1D-4C665C87F4F8} = {DEB81B93-6D3D-4446-A4CA-AD993C8E1F4B}
		{35464A7C-7271-4908-8247-865940875113} = {6D9EF7D9-B5E3-406C-B1AD-AC295A6B30F1}
		{2A3A38AA-6F79-45EC-83FF-018EB6D0C2AC} = {B1646805-615E-45AD-AC3E-B4E44398C0FA}
		{EB5F1B6D-4CA9-4C22-957F-7E3CF2D8DF6D} = {BE7D65F7-BABE-4CE6-98AA-3F20D6C4592D}
		{AC1F0B17-7196-4342-A365-A300F5237698} = {BE7D65F7-BABE-4CE6-98AA-3F20D6C4592D}
		{FF358F83-AFE2-441A-A2D0-9C9BD07ACE60} = {B1646805-615E-45AD-AC3E-B4E44398C0FA}
		{C1872968-8F1E-4047-BB8A-47503B129F2C} = {BE7D65F7-BABE-4CE6-98AA-3F20D6C4592D}
		{4C6B4F5E-8D30-4157-8760-E0050D823E64} = {E48C31DD-0FE3-4322-BDAA-C71CD13270AE}
		{3D149B94-1B21-4691-8F77-8909952E8031} = {6D9EF7D9-B5E3-406C-B1AD-AC295A6B30F1}
		{5A1BAFBC-A6AB-4533-A491-658DA30CDA7A} = {BE7D65F7-BABE-4CE6-98AA-3F20D6C4592D}
		{D3C0B15D-1A0B-49D1-B076-80D16A224A27} = {E48C31DD-0FE3-4322-BDAA-C71CD13270AE}
		{0A753676-0D6F-4450-AC1D-A1216A0A982C} = {E48C31DD-0FE3-4322-BDAA-C71CD13270AE}
		{1A208826-8E58-4411-BB2D-7491D0E377AC} = {E48C31DD-0FE3-4322-BDAA-C71CD13270AE}
		{C498F0F3-93A5-4AED-A463-A5C7B041F729} = {E48C31DD-0FE3-4322-BDAA-C71CD13270AE}
	EndGlobalSection
	GlobalSection(ExtensibilityGlobals) = postSolution
		SolutionGuid = {15C56BF2-C468-45C5-B13D-00FA80AD2CD4}
	EndGlobalSection
EndGlobal
